
Microsoft Visual Studio Solution File, Format Version 12.00
# Visual Studio Version 16
VisualStudioVersion = 16.0.30523.141
MinimumVisualStudioVersion = 10.0.40219.1
Project("{FAE04EC0-301F-11D3-BF4B-00C04F79EFBC}") = "Dropbox06", "Dropbox06.csproj", "{4F879ABB-53AF-47DC-BE55-01C8F62ACD7A}"
EndProject
Global
	GlobalSection(SolutionConfigurationPlatforms) = preSolution
		Debug|Any CPU = Debug|Any CPU
		Release|Any CPU = Release|Any CPU
	EndGlobalSection
	GlobalSection(ProjectConfigurationPlatforms) = postSolution
		{4F879ABB-53AF-47DC-BE55-01C8F62ACD7A}.Debug|Any CPU.ActiveCfg = Debug|Any CPU
		{4F879ABB-53AF-47DC-BE55-01C8F62ACD7A}.Debug|Any CPU.Build.0 = Debug|Any CPU
		{4F879ABB-53AF-47DC-BE55-01C8F62ACD7A}.Release|Any CPU.ActiveCfg = Release|Any CPU
		{4F879ABB-53AF-47DC-BE55-01C8F62ACD7A}.Release|Any CPU.Build.0 = Release|Any CPU
	EndGlobalSection
	GlobalSection(SolutionProperties) = preSolution
		HideSolutionNode = FALSE
	EndGlobalSection
	GlobalSection(ExtensibilityGlobals) = postSolution
		SolutionGuid = {6E54C11D-44A2-4570-9989-706EDE2F31B0}
	EndGlobalSection
EndGlobal
